<?xml version="1.0" encoding="utf-8"?>
<Project ToolsVersion="4.0" xmlns="http://schemas.microsoft.com/developer/msbuild/2003">
  <ItemGroup>
    <Filter Include="Source Files">
      <UniqueIdentifier>{4FC737F1-C7A5-4376-A066-2A32D752A2FF}</UniqueIdentifier>
      <Extensions>cpp;c;cc;cxx;c++;cppm;ixx;def;odl;idl;hpj;bat;asm;asmx</Extensions>
    </Filter>
    <Filter Include="Header Files">
      <UniqueIdentifier>{93995380-89BD-4b04-88EB-625FBE52EBFB}</UniqueIdentifier>
      <Extensions>h;hh;hpp;hxx;h++;hm;inl;inc;ipp;xsd</Extensions>
    </Filter>
    <Filter Include="Resource Files">
      <UniqueIdentifier>{67DA6AB6-F800-4c08-8B7A-83BB121AAD01}</UniqueIdentifier>
      <Extensions>rc;ico;cur;bmp;dlg;rc2;rct;bin;rgs;gif;jpg;jpeg;jpe;resx;tiff;tif;png;wav;mfcribbon-ms</Extensions>
    </Filter>
    <Filter Include="MyWin">
      <UniqueIdentifier>{e086d13b-33b7-4aa5-a8f8-c42a257dac10}</UniqueIdentifier>
    </Filter>
  </ItemGroup>
  <ItemGroup>
    <ClCompile Include="src\main.cpp">
      <Filter>Source Files</Filter>
    </ClCompile>
    <ClCompile Include="src\MyCore\App.cpp">
      <Filter>Source Files</Filter>
    </ClCompile>
    <ClCompile Include="src\MyExp\FreeExcept.cpp">
      <Filter>Source Files</Filter>
    </ClCompile>
    <ClCompile Include="src\MyExp\MyException.cpp">
      <Filter>Source Files</Filter>
    </ClCompile>
    <ClCompile Include="src\MyExp\windowException.cpp">
      <Filter>Source Files</Filter>
    </ClCompile>
    <ClCompile Include="src\MyWin\MyConsole.cpp">
      <Filter>Source Files</Filter>
    </ClCompile>
    <ClCompile Include="src\MyWin\MyKeyboard.cpp">
      <Filter>Source Files</Filter>
    </ClCompile>
    <ClCompile Include="src\MyWin\MyMouse.cpp">
      <Filter>Source Files</Filter>
    </ClCompile>
    <ClCompile Include="src\MyWin\Window.cpp">
      <Filter>Source Files</Filter>
    </ClCompile>
    <ClCompile Include="src\MyWin\WindowClass.cpp">
      <Filter>Source Files</Filter>
    </ClCompile>
    <ClCompile Include="src\MyWin\WindowCreator.cpp">
      <Filter>Source Files</Filter>
    </ClCompile>
    <ClCompile Include="src\MyWin\WindowManager.cpp">
      <Filter>Source Files</Filter>
    </ClCompile>
    <ClCompile Include="src\MyWin\WindowProcedure.cpp">
      <Filter>Source Files</Filter>
    </ClCompile>
    <ClCompile Include="src\MyWin\WindowStaticInitializer.cpp">
      <Filter>Source Files</Filter>
    </ClCompile>
  </ItemGroup>
  <ItemGroup>
    <ClInclude Include="src\MyCore\App.h">
      <Filter>Header Files</Filter>
    </ClInclude>
    <ClInclude Include="src\MyExp\FreeExcept.h">
      <Filter>Header Files</Filter>
    </ClInclude>
    <ClInclude Include="src\MyExp\MyException.h">
      <Filter>Header Files</Filter>
    </ClInclude>
    <ClInclude Include="src\MyExp\windowException.h">
      <Filter>Header Files</Filter>
    </ClInclude>
    <ClInclude Include="src\MyWin\MyConsole.h">
      <Filter>Header Files</Filter>
    </ClInclude>
    <ClInclude Include="src\MyWin\MyKeyboard.h">
      <Filter>Header Files</Filter>
    </ClInclude>
    <ClInclude Include="src\MyWin\MyMouse.h">
      <Filter>Header Files</Filter>
    </ClInclude>
    <ClInclude Include="src\MyWin\Window.h">
      <Filter>Header Files</Filter>
    </ClInclude>
    <ClInclude Include="src\MyWin\WindowClass.h">
      <Filter>Header Files</Filter>
    </ClInclude>
    <ClInclude Include="src\MyWin\WindowCreator.h">
      <Filter>Header Files</Filter>
    </ClInclude>
    <ClInclude Include="src\MyWin\WindowManager.h">
      <Filter>Header Files</Filter>
    </ClInclude>
    <ClInclude Include="src\MyWin\WindowProcedure.h">
      <Filter>Header Files</Filter>
    </ClInclude>
    <ClInclude Include="src\MyWin\WindowStaticInitializer.h">
      <Filter>Header Files</Filter>
    </ClInclude>
    <ClInclude Include="src\MyHeaders.h">
      <Filter>Header Files</Filter>
    </ClInclude>
  </ItemGroup>
  <ItemGroup>
    <Text Include="CMakeLists.txt" />
  </ItemGroup>
  <ItemGroup>
    <None Include="README.md" />
    <None Include=".gitignore" />
  </ItemGroup>
</Project>